
Microsoft Visual Studio Solution File, Format Version 12.00
# Visual Studio Version 17
VisualStudioVersion = 17.4.33213.308
MinimumVisualStudioVersion = 10.0.40219.1
Project("{FAE04EC0-301F-11D3-BF4B-00C04F79EFBC}") = "GeneticAlgorithm", "GeneticAlgorithm\GeneticAlgorithm.csproj", "{C8E76224-AED6-439C-BBE0-B947F3685195}"
EndProject
Global
	GlobalSection(SolutionConfigurationPlatforms) = preSolution
		Debug|Any CPU = Debug|Any CPU
		Release|Any CPU = Release|Any CPU
	EndGlobalSection
	GlobalSection(ProjectConfigurationPlatforms) = postSolution
		{C8E76224-AED6-439C-BBE0-B947F3685195}.Debug|Any CPU.ActiveCfg = Debug|Any CPU
		{C8E76224-AED6-439C-BBE0-B947F3685195}.Debug|Any CPU.Build.0 = Debug|Any CPU
		{C8E76224-AED6-439C-BBE0-B947F3685195}.Release|Any CPU.ActiveCfg = Release|Any CPU
		{C8E76224-AED6-439C-BBE0-B947F3685195}.Release|Any CPU.Build.0 = Release|Any CPU
	EndGlobalSection
	GlobalSection(SolutionProperties) = preSolution
		HideSolutionNode = FALSE
	EndGlobalSection
	GlobalSection(ExtensibilityGlobals) = postSolution
		SolutionGuid = {C594A237-E899-423C-9AA1-7ADD5B416E8A}
	EndGlobalSection
EndGlobal
